{
  "originHash" : "8a99cc0f87c52df4203de95fc3cad7a4e2e3445cbd6857c3a67855cadbe056e4",
  "pins" : [
    {
      "identity" : "alprogressview",
      "kind" : "remoteSourceControl",
      "location" : "https://github.com/alxrguz/ALProgressView",
      "state" : {
        "revision" : "54f42cb339924de1b37fe8ecdbe72a3336cbc73d",
        "version" : "2.0.0"
      }
    },
    {
      "identity" : "rxswift",
      "kind" : "remoteSourceControl",
      "location" : "https://github.com/ReactiveX/RxSwift.git",
      "state" : {
        "revision" : "9dcaa4b333db437b0fbfaf453fad29069044a8b4",
        "version" : "6.6.0"
      }
    },
    {
      "identity" : "swiftalertview",
      "kind" : "remoteSourceControl",
      "location" : "https://github.com/dinhquan/SwiftAlertView",
      "state" : {
        "revision" : "601c049861691ea3578e3812d1e9cd548cf46f48",
        "version" : "2.2.1"
      }
    }
  ],
  "version" : 3
}
