// !$*UTF8*$!
{
	archiveVersion = 1;
	classes = {
	};
	objectVersion = 56;
	objects = {

/* Begin PBXBuildFile section */
		B707182A2BB1603D00A50C64 /* DailyBudgetVM.swift in Sources */ = {isa = PBXBuildFile; fileRef = B70718292BB1603D00A50C64 /* DailyBudgetVM.swift */; };
		B76465762BB2031C0020F130 /* Formatter+Ext.swift in Sources */ = {isa = PBXBuildFile; fileRef = B76465752BB2031C0020F130 /* Formatter+Ext.swift */; };
		B76465792BB2A2AE0020F130 /* FSCalendar in Frameworks */ = {isa = PBXBuildFile; productRef = B76465782BB2A2AE0020F130 /* FSCalendar */; };
		B764657D2BB45BB40020F130 /* PreviousDailyBudgetTableViewCell.xib in Resources */ = {isa = PBXBuildFile; fileRef = B764657C2BB45BB40020F130 /* PreviousDailyBudgetTableViewCell.xib */; };
		B764657F2BB462420020F130 /* PreviousDailyBudgetTableViewCell.swift in Sources */ = {isa = PBXBuildFile; fileRef = B764657E2BB462420020F130 /* PreviousDailyBudgetTableViewCell.swift */; };
		B772A0AF2BA4A5D5001059B6 /* DailyExpenseSettingVC.storyboard in Resources */ = {isa = PBXBuildFile; fileRef = B772A0AE2BA4A5D5001059B6 /* DailyExpenseSettingVC.storyboard */; };
		B772A0B12BA4A5DE001059B6 /* DailyExpenseSettingVC.swift in Sources */ = {isa = PBXBuildFile; fileRef = B772A0B02BA4A5DE001059B6 /* DailyExpenseSettingVC.swift */; };
		B772A0B42BA55404001059B6 /* DailyMainVC.storyboard in Resources */ = {isa = PBXBuildFile; fileRef = B772A0B32BA55404001059B6 /* DailyMainVC.storyboard */; };
		B772A0B62BA5540B001059B6 /* DailyMainVC.swift in Sources */ = {isa = PBXBuildFile; fileRef = B772A0B52BA5540B001059B6 /* DailyMainVC.swift */; };
		B772A0BF2BA5BD9B001059B6 /* ALProgressView in Frameworks */ = {isa = PBXBuildFile; productRef = B772A0BE2BA5BD9B001059B6 /* ALProgressView */; };
		B772A0C12BA609A5001059B6 /* DailyBudgetVC.storyboard in Resources */ = {isa = PBXBuildFile; fileRef = B772A0C02BA609A5001059B6 /* DailyBudgetVC.storyboard */; };
		B772A0C32BA609D4001059B6 /* DailyBudgetVC.swift in Sources */ = {isa = PBXBuildFile; fileRef = B772A0C22BA609D4001059B6 /* DailyBudgetVC.swift */; };
		B7742B622BB0853200B2480B /* SwiftAlertView in Frameworks */ = {isa = PBXBuildFile; productRef = B7742B612BB0853200B2480B /* SwiftAlertView */; };
		B7742B642BB08B9100B2480B /* UIColor+Ext.swift in Sources */ = {isa = PBXBuildFile; fileRef = B7742B632BB08B9100B2480B /* UIColor+Ext.swift */; };
		B79278F82BA93EC9002646F7 /* UIButton+Ext.swift in Sources */ = {isa = PBXBuildFile; fileRef = B79278F72BA93EC9002646F7 /* UIButton+Ext.swift */; };
		B79278FA2BA95D12002646F7 /* DailyExpenseSettingVM.swift in Sources */ = {isa = PBXBuildFile; fileRef = B79278F92BA95D12002646F7 /* DailyExpenseSettingVM.swift */; };
		B79279012BA9F817002646F7 /* UIViewController+Ext.swift in Sources */ = {isa = PBXBuildFile; fileRef = B79279002BA9F817002646F7 /* UIViewController+Ext.swift */; };
		B79279032BA9FC50002646F7 /* WholeCostSettingVM.swift in Sources */ = {isa = PBXBuildFile; fileRef = B79279022BA9FC50002646F7 /* WholeCostSettingVM.swift */; };
		B7B300982BAEA4CB0082982F /* Budget.swift in Sources */ = {isa = PBXBuildFile; fileRef = B7B300972BAEA4CB0082982F /* Budget.swift */; };
		B7C0BF922BAAD08D00EEB03F /* String+Ext.swift in Sources */ = {isa = PBXBuildFile; fileRef = B7C0BF912BAAD08D00EEB03F /* String+Ext.swift */; };
		B7C0BF962BABF40400EEB03F /* PreviousDailyBudgetVC.swift in Sources */ = {isa = PBXBuildFile; fileRef = B7C0BF952BABF40400EEB03F /* PreviousDailyBudgetVC.swift */; };
		B7C0BF982BABF40E00EEB03F /* PreviousDailyBudgetVM.swift in Sources */ = {isa = PBXBuildFile; fileRef = B7C0BF972BABF40E00EEB03F /* PreviousDailyBudgetVM.swift */; };
		B7C0BF9A2BABF41700EEB03F /* PreviousDailyBudgetVC.storyboard in Resources */ = {isa = PBXBuildFile; fileRef = B7C0BF992BABF41700EEB03F /* PreviousDailyBudgetVC.storyboard */; };
		B7C0BF9C2BAC573600EEB03F /* NotificationName+Ext.swift in Sources */ = {isa = PBXBuildFile; fileRef = B7C0BF9B2BAC573600EEB03F /* NotificationName+Ext.swift */; };
		B7C0BF9E2BADFE1D00EEB03F /* DailyBudgetTableViewCell.xib in Resources */ = {isa = PBXBuildFile; fileRef = B7C0BF9D2BADFE1D00EEB03F /* DailyBudgetTableViewCell.xib */; };
		B7C0BFA02BADFE7400EEB03F /* DailyBudgetTableViewCell.swift in Sources */ = {isa = PBXBuildFile; fileRef = B7C0BF9F2BADFE7400EEB03F /* DailyBudgetTableViewCell.swift */; };
		B7CE47462BA2FEAA00F2805F /* ReuseIdentifiable.swift in Sources */ = {isa = PBXBuildFile; fileRef = B7CE47452BA2FEAA00F2805F /* ReuseIdentifiable.swift */; };
		B7CE47482BA314C700F2805F /* WholeCostSettingVC.storyboard in Resources */ = {isa = PBXBuildFile; fileRef = B7CE47472BA314C700F2805F /* WholeCostSettingVC.storyboard */; };
		B7CE474A2BA314D800F2805F /* WholeCostSettingVC.swift in Sources */ = {isa = PBXBuildFile; fileRef = B7CE47492BA314D800F2805F /* WholeCostSettingVC.swift */; };
		B7CE474C2BA316A300F2805F /* StoryboardInstance.swift in Sources */ = {isa = PBXBuildFile; fileRef = B7CE474B2BA316A300F2805F /* StoryboardInstance.swift */; };
		B7CE474E2BA3630600F2805F /* SplashViewController.swift in Sources */ = {isa = PBXBuildFile; fileRef = B7CE474D2BA3630600F2805F /* SplashViewController.swift */; };
		B7F012102B9F2E74004027CA /* AppDelegate.swift in Sources */ = {isa = PBXBuildFile; fileRef = B7F0120F2B9F2E74004027CA /* AppDelegate.swift */; };
		B7F012122B9F2E74004027CA /* SceneDelegate.swift in Sources */ = {isa = PBXBuildFile; fileRef = B7F012112B9F2E74004027CA /* SceneDelegate.swift */; };
		B7F012142B9F2E74004027CA /* ViewController.swift in Sources */ = {isa = PBXBuildFile; fileRef = B7F012132B9F2E74004027CA /* ViewController.swift */; };
		B7F012172B9F2E74004027CA /* Base in Resources */ = {isa = PBXBuildFile; fileRef = B7F012162B9F2E74004027CA /* Base */; };
		B7F012192B9F2E76004027CA /* Assets.xcassets in Resources */ = {isa = PBXBuildFile; fileRef = B7F012182B9F2E76004027CA /* Assets.xcassets */; };
		B7F0121C2B9F2E76004027CA /* Base in Resources */ = {isa = PBXBuildFile; fileRef = B7F0121B2B9F2E76004027CA /* Base */; };
		B7F012272B9F2E76004027CA /* UlmagoTests.swift in Sources */ = {isa = PBXBuildFile; fileRef = B7F012262B9F2E76004027CA /* UlmagoTests.swift */; };
		B7F012312B9F2E76004027CA /* UlmagoUITests.swift in Sources */ = {isa = PBXBuildFile; fileRef = B7F012302B9F2E76004027CA /* UlmagoUITests.swift */; };
		B7F012332B9F2E76004027CA /* UlmagoUITestsLaunchTests.swift in Sources */ = {isa = PBXBuildFile; fileRef = B7F012322B9F2E76004027CA /* UlmagoUITestsLaunchTests.swift */; };
		B7F012412B9F44F1004027CA /* RxCocoa in Frameworks */ = {isa = PBXBuildFile; productRef = B7F012402B9F44F1004027CA /* RxCocoa */; };
		B7F012432B9F44F1004027CA /* RxRelay in Frameworks */ = {isa = PBXBuildFile; productRef = B7F012422B9F44F1004027CA /* RxRelay */; };
		B7F012452B9F44F1004027CA /* RxSwift in Frameworks */ = {isa = PBXBuildFile; productRef = B7F012442B9F44F1004027CA /* RxSwift */; };
		B7F012472B9F4543004027CA /* MainVM.swift in Sources */ = {isa = PBXBuildFile; fileRef = B7F012462B9F4543004027CA /* MainVM.swift */; };
/* End PBXBuildFile section */

/* Begin PBXContainerItemProxy section */
		B7F012232B9F2E76004027CA /* PBXContainerItemProxy */ = {
			isa = PBXContainerItemProxy;
			containerPortal = B7F012042B9F2E74004027CA /* Project object */;
			proxyType = 1;
			remoteGlobalIDString = B7F0120B2B9F2E74004027CA;
			remoteInfo = Ulmago;
		};
		B7F0122D2B9F2E76004027CA /* PBXContainerItemProxy */ = {
			isa = PBXContainerItemProxy;
			containerPortal = B7F012042B9F2E74004027CA /* Project object */;
			proxyType = 1;
			remoteGlobalIDString = B7F0120B2B9F2E74004027CA;
			remoteInfo = Ulmago;
		};
/* End PBXContainerItemProxy section */

/* Begin PBXFileReference section */
		B70718282BB155A200A50C64 /* README.md */ = {isa = PBXFileReference; lastKnownFileType = net.daringfireball.markdown; path = README.md; sourceTree = "<group>"; };
		B70718292BB1603D00A50C64 /* DailyBudgetVM.swift */ = {isa = PBXFileReference; lastKnownFileType = sourcecode.swift; path = DailyBudgetVM.swift; sourceTree = "<group>"; };
		B76465752BB2031C0020F130 /* Formatter+Ext.swift */ = {isa = PBXFileReference; lastKnownFileType = sourcecode.swift; path = "Formatter+Ext.swift"; sourceTree = "<group>"; };
		B764657C2BB45BB40020F130 /* PreviousDailyBudgetTableViewCell.xib */ = {isa = PBXFileReference; lastKnownFileType = file.xib; path = PreviousDailyBudgetTableViewCell.xib; sourceTree = "<group>"; };
		B764657E2BB462420020F130 /* PreviousDailyBudgetTableViewCell.swift */ = {isa = PBXFileReference; lastKnownFileType = sourcecode.swift; path = PreviousDailyBudgetTableViewCell.swift; sourceTree = "<group>"; };
		B772A0AE2BA4A5D5001059B6 /* DailyExpenseSettingVC.storyboard */ = {isa = PBXFileReference; lastKnownFileType = file.storyboard; path = DailyExpenseSettingVC.storyboard; sourceTree = "<group>"; };
		B772A0B02BA4A5DE001059B6 /* DailyExpenseSettingVC.swift */ = {isa = PBXFileReference; lastKnownFileType = sourcecode.swift; path = DailyExpenseSettingVC.swift; sourceTree = "<group>"; };
		B772A0B32BA55404001059B6 /* DailyMainVC.storyboard */ = {isa = PBXFileReference; lastKnownFileType = file.storyboard; path = DailyMainVC.storyboard; sourceTree = "<group>"; };
		B772A0B52BA5540B001059B6 /* DailyMainVC.swift */ = {isa = PBXFileReference; lastKnownFileType = sourcecode.swift; path = DailyMainVC.swift; sourceTree = "<group>"; };
		B772A0C02BA609A5001059B6 /* DailyBudgetVC.storyboard */ = {isa = PBXFileReference; lastKnownFileType = file.storyboard; path = DailyBudgetVC.storyboard; sourceTree = "<group>"; };
		B772A0C22BA609D4001059B6 /* DailyBudgetVC.swift */ = {isa = PBXFileReference; lastKnownFileType = sourcecode.swift; path = DailyBudgetVC.swift; sourceTree = "<group>"; };
		B7742B632BB08B9100B2480B /* UIColor+Ext.swift */ = {isa = PBXFileReference; lastKnownFileType = sourcecode.swift; path = "UIColor+Ext.swift"; sourceTree = "<group>"; };
		B79278F72BA93EC9002646F7 /* UIButton+Ext.swift */ = {isa = PBXFileReference; lastKnownFileType = sourcecode.swift; path = "UIButton+Ext.swift"; sourceTree = "<group>"; };
		B79278F92BA95D12002646F7 /* DailyExpenseSettingVM.swift */ = {isa = PBXFileReference; lastKnownFileType = sourcecode.swift; path = DailyExpenseSettingVM.swift; sourceTree = "<group>"; };
		B79279002BA9F817002646F7 /* UIViewController+Ext.swift */ = {isa = PBXFileReference; lastKnownFileType = sourcecode.swift; path = "UIViewController+Ext.swift"; sourceTree = "<group>"; };
		B79279022BA9FC50002646F7 /* WholeCostSettingVM.swift */ = {isa = PBXFileReference; lastKnownFileType = sourcecode.swift; path = WholeCostSettingVM.swift; sourceTree = "<group>"; };
		B7B300972BAEA4CB0082982F /* Budget.swift */ = {isa = PBXFileReference; lastKnownFileType = sourcecode.swift; path = Budget.swift; sourceTree = "<group>"; };
		B7C0BF912BAAD08D00EEB03F /* String+Ext.swift */ = {isa = PBXFileReference; lastKnownFileType = sourcecode.swift; path = "String+Ext.swift"; sourceTree = "<group>"; };
		B7C0BF952BABF40400EEB03F /* PreviousDailyBudgetVC.swift */ = {isa = PBXFileReference; lastKnownFileType = sourcecode.swift; path = PreviousDailyBudgetVC.swift; sourceTree = "<group>"; };
		B7C0BF972BABF40E00EEB03F /* PreviousDailyBudgetVM.swift */ = {isa = PBXFileReference; lastKnownFileType = sourcecode.swift; path = PreviousDailyBudgetVM.swift; sourceTree = "<group>"; };
		B7C0BF992BABF41700EEB03F /* PreviousDailyBudgetVC.storyboard */ = {isa = PBXFileReference; lastKnownFileType = file.storyboard; path = PreviousDailyBudgetVC.storyboard; sourceTree = "<group>"; };
		B7C0BF9B2BAC573600EEB03F /* NotificationName+Ext.swift */ = {isa = PBXFileReference; lastKnownFileType = sourcecode.swift; path = "NotificationName+Ext.swift"; sourceTree = "<group>"; };
		B7C0BF9D2BADFE1D00EEB03F /* DailyBudgetTableViewCell.xib */ = {isa = PBXFileReference; lastKnownFileType = file.xib; path = DailyBudgetTableViewCell.xib; sourceTree = "<group>"; };
		B7C0BF9F2BADFE7400EEB03F /* DailyBudgetTableViewCell.swift */ = {isa = PBXFileReference; lastKnownFileType = sourcecode.swift; path = DailyBudgetTableViewCell.swift; sourceTree = "<group>"; };
		B7CE47452BA2FEAA00F2805F /* ReuseIdentifiable.swift */ = {isa = PBXFileReference; lastKnownFileType = sourcecode.swift; path = ReuseIdentifiable.swift; sourceTree = "<group>"; };
		B7CE47472BA314C700F2805F /* WholeCostSettingVC.storyboard */ = {isa = PBXFileReference; lastKnownFileType = file.storyboard; path = WholeCostSettingVC.storyboard; sourceTree = "<group>"; };
		B7CE47492BA314D800F2805F /* WholeCostSettingVC.swift */ = {isa = PBXFileReference; lastKnownFileType = sourcecode.swift; path = WholeCostSettingVC.swift; sourceTree = "<group>"; };
		B7CE474B2BA316A300F2805F /* StoryboardInstance.swift */ = {isa = PBXFileReference; lastKnownFileType = sourcecode.swift; path = StoryboardInstance.swift; sourceTree = "<group>"; };
		B7CE474D2BA3630600F2805F /* SplashViewController.swift */ = {isa = PBXFileReference; lastKnownFileType = sourcecode.swift; path = SplashViewController.swift; sourceTree = "<group>"; };
		B7F0120C2B9F2E74004027CA /* Ulmago.app */ = {isa = PBXFileReference; explicitFileType = wrapper.application; includeInIndex = 0; path = Ulmago.app; sourceTree = BUILT_PRODUCTS_DIR; };
		B7F0120F2B9F2E74004027CA /* AppDelegate.swift */ = {isa = PBXFileReference; lastKnownFileType = sourcecode.swift; path = AppDelegate.swift; sourceTree = "<group>"; };
		B7F012112B9F2E74004027CA /* SceneDelegate.swift */ = {isa = PBXFileReference; lastKnownFileType = sourcecode.swift; path = SceneDelegate.swift; sourceTree = "<group>"; };
		B7F012132B9F2E74004027CA /* ViewController.swift */ = {isa = PBXFileReference; lastKnownFileType = sourcecode.swift; path = ViewController.swift; sourceTree = "<group>"; };
		B7F012162B9F2E74004027CA /* Base */ = {isa = PBXFileReference; lastKnownFileType = file.storyboard; name = Base; path = Base.lproj/Main.storyboard; sourceTree = "<group>"; };
		B7F012182B9F2E76004027CA /* Assets.xcassets */ = {isa = PBXFileReference; lastKnownFileType = folder.assetcatalog; path = Assets.xcassets; sourceTree = "<group>"; };
		B7F0121B2B9F2E76004027CA /* Base */ = {isa = PBXFileReference; lastKnownFileType = file.storyboard; name = Base; path = Base.lproj/LaunchScreen.storyboard; sourceTree = "<group>"; };
		B7F0121D2B9F2E76004027CA /* Info.plist */ = {isa = PBXFileReference; lastKnownFileType = text.plist.xml; path = Info.plist; sourceTree = "<group>"; };
		B7F012222B9F2E76004027CA /* UlmagoTests.xctest */ = {isa = PBXFileReference; explicitFileType = wrapper.cfbundle; includeInIndex = 0; path = UlmagoTests.xctest; sourceTree = BUILT_PRODUCTS_DIR; };
		B7F012262B9F2E76004027CA /* UlmagoTests.swift */ = {isa = PBXFileReference; lastKnownFileType = sourcecode.swift; path = UlmagoTests.swift; sourceTree = "<group>"; };
		B7F0122C2B9F2E76004027CA /* UlmagoUITests.xctest */ = {isa = PBXFileReference; explicitFileType = wrapper.cfbundle; includeInIndex = 0; path = UlmagoUITests.xctest; sourceTree = BUILT_PRODUCTS_DIR; };
		B7F012302B9F2E76004027CA /* UlmagoUITests.swift */ = {isa = PBXFileReference; lastKnownFileType = sourcecode.swift; path = UlmagoUITests.swift; sourceTree = "<group>"; };
		B7F012322B9F2E76004027CA /* UlmagoUITestsLaunchTests.swift */ = {isa = PBXFileReference; lastKnownFileType = sourcecode.swift; path = UlmagoUITestsLaunchTests.swift; sourceTree = "<group>"; };
		B7F012462B9F4543004027CA /* MainVM.swift */ = {isa = PBXFileReference; lastKnownFileType = sourcecode.swift; path = MainVM.swift; sourceTree = "<group>"; };
/* End PBXFileReference section */

/* Begin PBXFrameworksBuildPhase section */
		B7F012092B9F2E74004027CA /* Frameworks */ = {
			isa = PBXFrameworksBuildPhase;
			buildActionMask = 2147483647;
			files = (
				B7742B622BB0853200B2480B /* SwiftAlertView in Frameworks */,
				B76465792BB2A2AE0020F130 /* FSCalendar in Frameworks */,
				B7F012452B9F44F1004027CA /* RxSwift in Frameworks */,
				B7F012432B9F44F1004027CA /* RxRelay in Frameworks */,
				B7F012412B9F44F1004027CA /* RxCocoa in Frameworks */,
				B772A0BF2BA5BD9B001059B6 /* ALProgressView in Frameworks */,
			);
			runOnlyForDeploymentPostprocessing = 0;
		};
		B7F0121F2B9F2E76004027CA /* Frameworks */ = {
			isa = PBXFrameworksBuildPhase;
			buildActionMask = 2147483647;
			files = (
			);
			runOnlyForDeploymentPostprocessing = 0;
		};
		B7F012292B9F2E76004027CA /* Frameworks */ = {
			isa = PBXFrameworksBuildPhase;
			buildActionMask = 2147483647;
			files = (
			);
			runOnlyForDeploymentPostprocessing = 0;
		};
/* End PBXFrameworksBuildPhase section */

/* Begin PBXGroup section */
		B772A0B22BA553C8001059B6 /* DailyBudgetFlow */ = {
			isa = PBXGroup;
			children = (
				B70718292BB1603D00A50C64 /* DailyBudgetVM.swift */,
				B79278FE2BA9624E002646F7 /* DailyMain */,
				B79278FF2BA9625E002646F7 /* DailyBudget */,
				B7C0BF942BABF3EA00EEB03F /* PreviousDailyBudget */,
			);
			path = DailyBudgetFlow;
			sourceTree = "<group>";
		};
		B79278FB2BA95D64002646F7 /* DailyExpenseSetting */ = {
			isa = PBXGroup;
			children = (
				B772A0AE2BA4A5D5001059B6 /* DailyExpenseSettingVC.storyboard */,
				B772A0B02BA4A5DE001059B6 /* DailyExpenseSettingVC.swift */,
				B79278F92BA95D12002646F7 /* DailyExpenseSettingVM.swift */,
			);
			path = DailyExpenseSetting;
			sourceTree = "<group>";
		};
		B79278FC2BA95D89002646F7 /* WholeCostSetting */ = {
			isa = PBXGroup;
			children = (
				B7CE47472BA314C700F2805F /* WholeCostSettingVC.storyboard */,
				B7CE47492BA314D800F2805F /* WholeCostSettingVC.swift */,
				B79279022BA9FC50002646F7 /* WholeCostSettingVM.swift */,
			);
			path = WholeCostSetting;
			sourceTree = "<group>";
		};
		B79278FD2BA95D9C002646F7 /* Main */ = {
			isa = PBXGroup;
			children = (
				B7F012152B9F2E74004027CA /* Main.storyboard */,
				B7F012132B9F2E74004027CA /* ViewController.swift */,
				B7F012462B9F4543004027CA /* MainVM.swift */,
			);
			path = Main;
			sourceTree = "<group>";
		};
		B79278FE2BA9624E002646F7 /* DailyMain */ = {
			isa = PBXGroup;
			children = (
				B772A0B32BA55404001059B6 /* DailyMainVC.storyboard */,
				B772A0B52BA5540B001059B6 /* DailyMainVC.swift */,
			);
			path = DailyMain;
			sourceTree = "<group>";
		};
		B79278FF2BA9625E002646F7 /* DailyBudget */ = {
			isa = PBXGroup;
			children = (
				B772A0C02BA609A5001059B6 /* DailyBudgetVC.storyboard */,
				B772A0C22BA609D4001059B6 /* DailyBudgetVC.swift */,
				B7C0BF9D2BADFE1D00EEB03F /* DailyBudgetTableViewCell.xib */,
				B7C0BF9F2BADFE7400EEB03F /* DailyBudgetTableViewCell.swift */,
			);
			path = DailyBudget;
			sourceTree = "<group>";
		};
		B7B300962BAEA4BA0082982F /* Data */ = {
			isa = PBXGroup;
			children = (
				B7B300972BAEA4CB0082982F /* Budget.swift */,
			);
			path = Data;
			sourceTree = "<group>";
		};
		B7C0BF942BABF3EA00EEB03F /* PreviousDailyBudget */ = {
			isa = PBXGroup;
			children = (
				B7C0BF992BABF41700EEB03F /* PreviousDailyBudgetVC.storyboard */,
				B7C0BF952BABF40400EEB03F /* PreviousDailyBudgetVC.swift */,
				B764657C2BB45BB40020F130 /* PreviousDailyBudgetTableViewCell.xib */,
				B764657E2BB462420020F130 /* PreviousDailyBudgetTableViewCell.swift */,
				B7C0BF972BABF40E00EEB03F /* PreviousDailyBudgetVM.swift */,
			);
			path = PreviousDailyBudget;
			sourceTree = "<group>";
		};
		B7CE473F2BA2DCE400F2805F /* GoalSettingFlow */ = {
			isa = PBXGroup;
			children = (
				B7CE474D2BA3630600F2805F /* SplashViewController.swift */,
				B79278FD2BA95D9C002646F7 /* Main */,
				B79278FC2BA95D89002646F7 /* WholeCostSetting */,
				B79278FB2BA95D64002646F7 /* DailyExpenseSetting */,
			);
			path = GoalSettingFlow;
			sourceTree = "<group>";
		};
		B7CE47442BA2FE9600F2805F /* Extension */ = {
			isa = PBXGroup;
			children = (
				B7CE47452BA2FEAA00F2805F /* ReuseIdentifiable.swift */,
				B7CE474B2BA316A300F2805F /* StoryboardInstance.swift */,
				B79278F72BA93EC9002646F7 /* UIButton+Ext.swift */,
				B79279002BA9F817002646F7 /* UIViewController+Ext.swift */,
				B7C0BF912BAAD08D00EEB03F /* String+Ext.swift */,
				B7C0BF9B2BAC573600EEB03F /* NotificationName+Ext.swift */,
				B7742B632BB08B9100B2480B /* UIColor+Ext.swift */,
				B76465752BB2031C0020F130 /* Formatter+Ext.swift */,
			);
			path = Extension;
			sourceTree = "<group>";
		};
		B7F012032B9F2E74004027CA = {
			isa = PBXGroup;
			children = (
				B7F0120E2B9F2E74004027CA /* Ulmago */,
				B7F012252B9F2E76004027CA /* UlmagoTests */,
				B7F0122F2B9F2E76004027CA /* UlmagoUITests */,
				B7F0120D2B9F2E74004027CA /* Products */,
			);
			sourceTree = "<group>";
		};
		B7F0120D2B9F2E74004027CA /* Products */ = {
			isa = PBXGroup;
			children = (
				B7F0120C2B9F2E74004027CA /* Ulmago.app */,
				B7F012222B9F2E76004027CA /* UlmagoTests.xctest */,
				B7F0122C2B9F2E76004027CA /* UlmagoUITests.xctest */,
			);
			name = Products;
			sourceTree = "<group>";
		};
		B7F0120E2B9F2E74004027CA /* Ulmago */ = {
			isa = PBXGroup;
			children = (
				B70718282BB155A200A50C64 /* README.md */,
				B7B300962BAEA4BA0082982F /* Data */,
				B7CE47442BA2FE9600F2805F /* Extension */,
				B7CE473F2BA2DCE400F2805F /* GoalSettingFlow */,
				B772A0B22BA553C8001059B6 /* DailyBudgetFlow */,
				B7F0120F2B9F2E74004027CA /* AppDelegate.swift */,
				B7F012112B9F2E74004027CA /* SceneDelegate.swift */,
				B7F012182B9F2E76004027CA /* Assets.xcassets */,
				B7F0121A2B9F2E76004027CA /* LaunchScreen.storyboard */,
				B7F0121D2B9F2E76004027CA /* Info.plist */,
			);
			path = Ulmago;
			sourceTree = "<group>";
		};
		B7F012252B9F2E76004027CA /* UlmagoTests */ = {
			isa = PBXGroup;
			children = (
				B7F012262B9F2E76004027CA /* UlmagoTests.swift */,
			);
			path = UlmagoTests;
			sourceTree = "<group>";
		};
		B7F0122F2B9F2E76004027CA /* UlmagoUITests */ = {
			isa = PBXGroup;
			children = (
				B7F012302B9F2E76004027CA /* UlmagoUITests.swift */,
				B7F012322B9F2E76004027CA /* UlmagoUITestsLaunchTests.swift */,
			);
			path = UlmagoUITests;
			sourceTree = "<group>";
		};
/* End PBXGroup section */

/* Begin PBXNativeTarget section */
		B7F0120B2B9F2E74004027CA /* Ulmago */ = {
			isa = PBXNativeTarget;
			buildConfigurationList = B7F012362B9F2E76004027CA /* Build configuration list for PBXNativeTarget "Ulmago" */;
			buildPhases = (
				B7F012082B9F2E74004027CA /* Sources */,
				B7F012092B9F2E74004027CA /* Frameworks */,
				B7F0120A2B9F2E74004027CA /* Resources */,
			);
			buildRules = (
			);
			dependencies = (
			);
			name = Ulmago;
			packageProductDependencies = (
				B7F012402B9F44F1004027CA /* RxCocoa */,
				B7F012422B9F44F1004027CA /* RxRelay */,
				B7F012442B9F44F1004027CA /* RxSwift */,
				B772A0BE2BA5BD9B001059B6 /* ALProgressView */,
				B7742B612BB0853200B2480B /* SwiftAlertView */,
				B76465782BB2A2AE0020F130 /* FSCalendar */,
			);
			productName = Ulmago;
			productReference = B7F0120C2B9F2E74004027CA /* Ulmago.app */;
			productType = "com.apple.product-type.application";
		};
		B7F012212B9F2E76004027CA /* UlmagoTests */ = {
			isa = PBXNativeTarget;
			buildConfigurationList = B7F012392B9F2E76004027CA /* Build configuration list for PBXNativeTarget "UlmagoTests" */;
			buildPhases = (
				B7F0121E2B9F2E76004027CA /* Sources */,
				B7F0121F2B9F2E76004027CA /* Frameworks */,
				B7F012202B9F2E76004027CA /* Resources */,
			);
			buildRules = (
			);
			dependencies = (
				B7F012242B9F2E76004027CA /* PBXTargetDependency */,
			);
			name = UlmagoTests;
			productName = UlmagoTests;
			productReference = B7F012222B9F2E76004027CA /* UlmagoTests.xctest */;
			productType = "com.apple.product-type.bundle.unit-test";
		};
		B7F0122B2B9F2E76004027CA /* UlmagoUITests */ = {
			isa = PBXNativeTarget;
			buildConfigurationList = B7F0123C2B9F2E76004027CA /* Build configuration list for PBXNativeTarget "UlmagoUITests" */;
			buildPhases = (
				B7F012282B9F2E76004027CA /* Sources */,
				B7F012292B9F2E76004027CA /* Frameworks */,
				B7F0122A2B9F2E76004027CA /* Resources */,
			);
			buildRules = (
			);
			dependencies = (
				B7F0122E2B9F2E76004027CA /* PBXTargetDependency */,
			);
			name = UlmagoUITests;
			productName = UlmagoUITests;
			productReference = B7F0122C2B9F2E76004027CA /* UlmagoUITests.xctest */;
			productType = "com.apple.product-type.bundle.ui-testing";
		};
/* End PBXNativeTarget section */

/* Begin PBXProject section */
		B7F012042B9F2E74004027CA /* Project object */ = {
			isa = PBXProject;
			attributes = {
				BuildIndependentTargetsInParallel = 1;
				LastSwiftUpdateCheck = 1530;
				LastUpgradeCheck = 1530;
				TargetAttributes = {
					B7F0120B2B9F2E74004027CA = {
						CreatedOnToolsVersion = 15.3;
					};
					B7F012212B9F2E76004027CA = {
						CreatedOnToolsVersion = 15.3;
						TestTargetID = B7F0120B2B9F2E74004027CA;
					};
					B7F0122B2B9F2E76004027CA = {
						CreatedOnToolsVersion = 15.3;
						TestTargetID = B7F0120B2B9F2E74004027CA;
					};
				};
			};
			buildConfigurationList = B7F012072B9F2E74004027CA /* Build configuration list for PBXProject "Ulmago" */;
			compatibilityVersion = "Xcode 14.0";
			developmentRegion = en;
			hasScannedForEncodings = 0;
			knownRegions = (
				en,
				Base,
			);
			mainGroup = B7F012032B9F2E74004027CA;
			packageReferences = (
				B7F0123F2B9F44F1004027CA /* XCRemoteSwiftPackageReference "RxSwift" */,
				B772A0BD2BA5BD9B001059B6 /* XCRemoteSwiftPackageReference "ALProgressView" */,
				B7742B602BB0853200B2480B /* XCRemoteSwiftPackageReference "SwiftAlertView" */,
				B76465772BB2A2AE0020F130 /* XCRemoteSwiftPackageReference "FSCalendar" */,
			);
			productRefGroup = B7F0120D2B9F2E74004027CA /* Products */;
			projectDirPath = "";
			projectRoot = "";
			targets = (
				B7F0120B2B9F2E74004027CA /* Ulmago */,
				B7F012212B9F2E76004027CA /* UlmagoTests */,
				B7F0122B2B9F2E76004027CA /* UlmagoUITests */,
			);
		};
/* End PBXProject section */

/* Begin PBXResourcesBuildPhase section */
		B7F0120A2B9F2E74004027CA /* Resources */ = {
			isa = PBXResourcesBuildPhase;
			buildActionMask = 2147483647;
			files = (
				B7F012192B9F2E76004027CA /* Assets.xcassets in Resources */,
				B7F0121C2B9F2E76004027CA /* Base in Resources */,
				B772A0AF2BA4A5D5001059B6 /* DailyExpenseSettingVC.storyboard in Resources */,
				B7F012172B9F2E74004027CA /* Base in Resources */,
				B7C0BF9E2BADFE1D00EEB03F /* DailyBudgetTableViewCell.xib in Resources */,
				B772A0C12BA609A5001059B6 /* DailyBudgetVC.storyboard in Resources */,
				B772A0B42BA55404001059B6 /* DailyMainVC.storyboard in Resources */,
				B7C0BF9A2BABF41700EEB03F /* PreviousDailyBudgetVC.storyboard in Resources */,
				B7CE47482BA314C700F2805F /* WholeCostSettingVC.storyboard in Resources */,
				B764657D2BB45BB40020F130 /* PreviousDailyBudgetTableViewCell.xib in Resources */,
			);
			runOnlyForDeploymentPostprocessing = 0;
		};
		B7F012202B9F2E76004027CA /* Resources */ = {
			isa = PBXResourcesBuildPhase;
			buildActionMask = 2147483647;
			files = (
			);
			runOnlyForDeploymentPostprocessing = 0;
		};
		B7F0122A2B9F2E76004027CA /* Resources */ = {
			isa = PBXResourcesBuildPhase;
			buildActionMask = 2147483647;
			files = (
			);
			runOnlyForDeploymentPostprocessing = 0;
		};
/* End PBXResourcesBuildPhase section */

/* Begin PBXSourcesBuildPhase section */
		B7F012082B9F2E74004027CA /* Sources */ = {
			isa = PBXSourcesBuildPhase;
			buildActionMask = 2147483647;
			files = (
				B7CE474A2BA314D800F2805F /* WholeCostSettingVC.swift in Sources */,
				B7F012142B9F2E74004027CA /* ViewController.swift in Sources */,
				B79279012BA9F817002646F7 /* UIViewController+Ext.swift in Sources */,
				B7C0BF922BAAD08D00EEB03F /* String+Ext.swift in Sources */,
				B7F012102B9F2E74004027CA /* AppDelegate.swift in Sources */,
				B772A0B62BA5540B001059B6 /* DailyMainVC.swift in Sources */,
				B772A0C32BA609D4001059B6 /* DailyBudgetVC.swift in Sources */,
				B7F012122B9F2E74004027CA /* SceneDelegate.swift in Sources */,
				B7C0BF962BABF40400EEB03F /* PreviousDailyBudgetVC.swift in Sources */,
				B7742B642BB08B9100B2480B /* UIColor+Ext.swift in Sources */,
				B772A0B12BA4A5DE001059B6 /* DailyExpenseSettingVC.swift in Sources */,
				B7CE474C2BA316A300F2805F /* StoryboardInstance.swift in Sources */,
				B7C0BF982BABF40E00EEB03F /* PreviousDailyBudgetVM.swift in Sources */,
				B764657F2BB462420020F130 /* PreviousDailyBudgetTableViewCell.swift in Sources */,
				B7C0BF9C2BAC573600EEB03F /* NotificationName+Ext.swift in Sources */,
				B79278FA2BA95D12002646F7 /* DailyExpenseSettingVM.swift in Sources */,
				B76465762BB2031C0020F130 /* Formatter+Ext.swift in Sources */,
				B7CE47462BA2FEAA00F2805F /* ReuseIdentifiable.swift in Sources */,
				B7C0BFA02BADFE7400EEB03F /* DailyBudgetTableViewCell.swift in Sources */,
				B7F012472B9F4543004027CA /* MainVM.swift in Sources */,
				B7CE474E2BA3630600F2805F /* SplashViewController.swift in Sources */,
				B79279032BA9FC50002646F7 /* WholeCostSettingVM.swift in Sources */,
				B7B300982BAEA4CB0082982F /* Budget.swift in Sources */,
				B79278F82BA93EC9002646F7 /* UIButton+Ext.swift in Sources */,
				B707182A2BB1603D00A50C64 /* DailyBudgetVM.swift in Sources */,
			);
			runOnlyForDeploymentPostprocessing = 0;
		};
		B7F0121E2B9F2E76004027CA /* Sources */ = {
			isa = PBXSourcesBuildPhase;
			buildActionMask = 2147483647;
			files = (
				B7F012272B9F2E76004027CA /* UlmagoTests.swift in Sources */,
			);
			runOnlyForDeploymentPostprocessing = 0;
		};
		B7F012282B9F2E76004027CA /* Sources */ = {
			isa = PBXSourcesBuildPhase;
			buildActionMask = 2147483647;
			files = (
				B7F012312B9F2E76004027CA /* UlmagoUITests.swift in Sources */,
				B7F012332B9F2E76004027CA /* UlmagoUITestsLaunchTests.swift in Sources */,
			);
			runOnlyForDeploymentPostprocessing = 0;
		};
/* End PBXSourcesBuildPhase section */

/* Begin PBXTargetDependency section */
		B7F012242B9F2E76004027CA /* PBXTargetDependency */ = {
			isa = PBXTargetDependency;
			target = B7F0120B2B9F2E74004027CA /* Ulmago */;
			targetProxy = B7F012232B9F2E76004027CA /* PBXContainerItemProxy */;
		};
		B7F0122E2B9F2E76004027CA /* PBXTargetDependency */ = {
			isa = PBXTargetDependency;
			target = B7F0120B2B9F2E74004027CA /* Ulmago */;
			targetProxy = B7F0122D2B9F2E76004027CA /* PBXContainerItemProxy */;
		};
/* End PBXTargetDependency section */

/* Begin PBXVariantGroup section */
		B7F012152B9F2E74004027CA /* Main.storyboard */ = {
			isa = PBXVariantGroup;
			children = (
				B7F012162B9F2E74004027CA /* Base */,
			);
			name = Main.storyboard;
			sourceTree = "<group>";
		};
		B7F0121A2B9F2E76004027CA /* LaunchScreen.storyboard */ = {
			isa = PBXVariantGroup;
			children = (
				B7F0121B2B9F2E76004027CA /* Base */,
			);
			name = LaunchScreen.storyboard;
			sourceTree = "<group>";
		};
/* End PBXVariantGroup section */

/* Begin XCBuildConfiguration section */
		B7F012342B9F2E76004027CA /* Debug */ = {
			isa = XCBuildConfiguration;
			buildSettings = {
				ALWAYS_SEARCH_USER_PATHS = NO;
				ASSETCATALOG_COMPILER_GENERATE_SWIFT_ASSET_SYMBOL_EXTENSIONS = YES;
				CLANG_ANALYZER_NONNULL = YES;
				CLANG_ANALYZER_NUMBER_OBJECT_CONVERSION = YES_AGGRESSIVE;
				CLANG_CXX_LANGUAGE_STANDARD = "gnu++20";
				CLANG_ENABLE_MODULES = YES;
				CLANG_ENABLE_OBJC_ARC = YES;
				CLANG_ENABLE_OBJC_WEAK = YES;
				CLANG_WARN_BLOCK_CAPTURE_AUTORELEASING = YES;
				CLANG_WARN_BOOL_CONVERSION = YES;
				CLANG_WARN_COMMA = YES;
				CLANG_WARN_CONSTANT_CONVERSION = YES;
				CLANG_WARN_DEPRECATED_OBJC_IMPLEMENTATIONS = YES;
				CLANG_WARN_DIRECT_OBJC_ISA_USAGE = YES_ERROR;
				CLANG_WARN_DOCUMENTATION_COMMENTS = YES;
				CLANG_WARN_EMPTY_BODY = YES;
				CLANG_WARN_ENUM_CONVERSION = YES;
				CLANG_WARN_INFINITE_RECURSION = YES;
				CLANG_WARN_INT_CONVERSION = YES;
				CLANG_WARN_NON_LITERAL_NULL_CONVERSION = YES;
				CLANG_WARN_OBJC_IMPLICIT_RETAIN_SELF = YES;
				CLANG_WARN_OBJC_LITERAL_CONVERSION = YES;
				CLANG_WARN_OBJC_ROOT_CLASS = YES_ERROR;
				CLANG_WARN_QUOTED_INCLUDE_IN_FRAMEWORK_HEADER = YES;
				CLANG_WARN_RANGE_LOOP_ANALYSIS = YES;
				CLANG_WARN_STRICT_PROTOTYPES = YES;
				CLANG_WARN_SUSPICIOUS_MOVE = YES;
				CLANG_WARN_UNGUARDED_AVAILABILITY = YES_AGGRESSIVE;
				CLANG_WARN_UNREACHABLE_CODE = YES;
				CLANG_WARN__DUPLICATE_METHOD_MATCH = YES;
				COPY_PHASE_STRIP = NO;
				DEBUG_INFORMATION_FORMAT = dwarf;
				ENABLE_STRICT_OBJC_MSGSEND = YES;
				ENABLE_TESTABILITY = YES;
				ENABLE_USER_SCRIPT_SANDBOXING = YES;
				GCC_C_LANGUAGE_STANDARD = gnu17;
				GCC_DYNAMIC_NO_PIC = NO;
				GCC_NO_COMMON_BLOCKS = YES;
				GCC_OPTIMIZATION_LEVEL = 0;
				GCC_PREPROCESSOR_DEFINITIONS = (
					"DEBUG=1",
					"$(inherited)",
				);
				GCC_WARN_64_TO_32_BIT_CONVERSION = YES;
				GCC_WARN_ABOUT_RETURN_TYPE = YES_ERROR;
				GCC_WARN_UNDECLARED_SELECTOR = YES;
				GCC_WARN_UNINITIALIZED_AUTOS = YES_AGGRESSIVE;
				GCC_WARN_UNUSED_FUNCTION = YES;
				GCC_WARN_UNUSED_VARIABLE = YES;
				IPHONEOS_DEPLOYMENT_TARGET = 17.4;
				LOCALIZATION_PREFERS_STRING_CATALOGS = YES;
				MTL_ENABLE_DEBUG_INFO = INCLUDE_SOURCE;
				MTL_FAST_MATH = YES;
				ONLY_ACTIVE_ARCH = YES;
				SDKROOT = iphoneos;
				SWIFT_ACTIVE_COMPILATION_CONDITIONS = "DEBUG $(inherited)";
				SWIFT_OPTIMIZATION_LEVEL = "-Onone";
			};
			name = Debug;
		};
		B7F012352B9F2E76004027CA /* Release */ = {
			isa = XCBuildConfiguration;
			buildSettings = {
				ALWAYS_SEARCH_USER_PATHS = NO;
				ASSETCATALOG_COMPILER_GENERATE_SWIFT_ASSET_SYMBOL_EXTENSIONS = YES;
				CLANG_ANALYZER_NONNULL = YES;
				CLANG_ANALYZER_NUMBER_OBJECT_CONVERSION = YES_AGGRESSIVE;
				CLANG_CXX_LANGUAGE_STANDARD = "gnu++20";
				CLANG_ENABLE_MODULES = YES;
				CLANG_ENABLE_OBJC_ARC = YES;
				CLANG_ENABLE_OBJC_WEAK = YES;
				CLANG_WARN_BLOCK_CAPTURE_AUTORELEASING = YES;
				CLANG_WARN_BOOL_CONVERSION = YES;
				CLANG_WARN_COMMA = YES;
				CLANG_WARN_CONSTANT_CONVERSION = YES;
				CLANG_WARN_DEPRECATED_OBJC_IMPLEMENTATIONS = YES;
				CLANG_WARN_DIRECT_OBJC_ISA_USAGE = YES_ERROR;
				CLANG_WARN_DOCUMENTATION_COMMENTS = YES;
				CLANG_WARN_EMPTY_BODY = YES;
				CLANG_WARN_ENUM_CONVERSION = YES;
				CLANG_WARN_INFINITE_RECURSION = YES;
				CLANG_WARN_INT_CONVERSION = YES;
				CLANG_WARN_NON_LITERAL_NULL_CONVERSION = YES;
				CLANG_WARN_OBJC_IMPLICIT_RETAIN_SELF = YES;
				CLANG_WARN_OBJC_LITERAL_CONVERSION = YES;
				CLANG_WARN_OBJC_ROOT_CLASS = YES_ERROR;
				CLANG_WARN_QUOTED_INCLUDE_IN_FRAMEWORK_HEADER = YES;
				CLANG_WARN_RANGE_LOOP_ANALYSIS = YES;
				CLANG_WARN_STRICT_PROTOTYPES = YES;
				CLANG_WARN_SUSPICIOUS_MOVE = YES;
				CLANG_WARN_UNGUARDED_AVAILABILITY = YES_AGGRESSIVE;
				CLANG_WARN_UNREACHABLE_CODE = YES;
				CLANG_WARN__DUPLICATE_METHOD_MATCH = YES;
				COPY_PHASE_STRIP = NO;
				DEBUG_INFORMATION_FORMAT = "dwarf-with-dsym";
				ENABLE_NS_ASSERTIONS = NO;
				ENABLE_STRICT_OBJC_MSGSEND = YES;
				ENABLE_USER_SCRIPT_SANDBOXING = YES;
				GCC_C_LANGUAGE_STANDARD = gnu17;
				GCC_NO_COMMON_BLOCKS = YES;
				GCC_WARN_64_TO_32_BIT_CONVERSION = YES;
				GCC_WARN_ABOUT_RETURN_TYPE = YES_ERROR;
				GCC_WARN_UNDECLARED_SELECTOR = YES;
				GCC_WARN_UNINITIALIZED_AUTOS = YES_AGGRESSIVE;
				GCC_WARN_UNUSED_FUNCTION = YES;
				GCC_WARN_UNUSED_VARIABLE = YES;
				IPHONEOS_DEPLOYMENT_TARGET = 17.4;
				LOCALIZATION_PREFERS_STRING_CATALOGS = YES;
				MTL_ENABLE_DEBUG_INFO = NO;
				MTL_FAST_MATH = YES;
				SDKROOT = iphoneos;
				SWIFT_COMPILATION_MODE = wholemodule;
				VALIDATE_PRODUCT = YES;
			};
			name = Release;
		};
		B7F012372B9F2E76004027CA /* Debug */ = {
			isa = XCBuildConfiguration;
			buildSettings = {
				ASSETCATALOG_COMPILER_APPICON_NAME = AppIcon;
				ASSETCATALOG_COMPILER_GLOBAL_ACCENT_COLOR_NAME = AccentColor;
				CODE_SIGN_STYLE = Automatic;
				CURRENT_PROJECT_VERSION = 1;
				DEVELOPMENT_TEAM = PVM8V4TM62;
				GENERATE_INFOPLIST_FILE = YES;
				INFOPLIST_FILE = Ulmago/Info.plist;
				INFOPLIST_KEY_UIApplicationSupportsIndirectInputEvents = YES;
				INFOPLIST_KEY_UILaunchStoryboardName = LaunchScreen;
				INFOPLIST_KEY_UIMainStoryboardFile = Main;
				INFOPLIST_KEY_UISupportedInterfaceOrientations_iPad = "UIInterfaceOrientationPortrait UIInterfaceOrientationPortraitUpsideDown UIInterfaceOrientationLandscapeLeft UIInterfaceOrientationLandscapeRight";
				INFOPLIST_KEY_UISupportedInterfaceOrientations_iPhone = "UIInterfaceOrientationPortrait UIInterfaceOrientationLandscapeLeft UIInterfaceOrientationLandscapeRight";
				LD_RUNPATH_SEARCH_PATHS = (
					"$(inherited)",
					"@executable_path/Frameworks",
				);
				MARKETING_VERSION = 1.0;
				PRODUCT_BUNDLE_IDENTIFIER = dhui.Ulmago;
				PRODUCT_NAME = "$(TARGET_NAME)";
				SWIFT_EMIT_LOC_STRINGS = YES;
				SWIFT_VERSION = 5.0;
				TARGETED_DEVICE_FAMILY = "1,2";
			};
			name = Debug;
		};
		B7F012382B9F2E76004027CA /* Release */ = {
			isa = XCBuildConfiguration;
			buildSettings = {
				ASSETCATALOG_COMPILER_APPICON_NAME = AppIcon;
				ASSETCATALOG_COMPILER_GLOBAL_ACCENT_COLOR_NAME = AccentColor;
				CODE_SIGN_STYLE = Automatic;
				CURRENT_PROJECT_VERSION = 1;
				DEVELOPMENT_TEAM = PVM8V4TM62;
				GENERATE_INFOPLIST_FILE = YES;
				INFOPLIST_FILE = Ulmago/Info.plist;
				INFOPLIST_KEY_UIApplicationSupportsIndirectInputEvents = YES;
				INFOPLIST_KEY_UILaunchStoryboardName = LaunchScreen;
				INFOPLIST_KEY_UIMainStoryboardFile = Main;
				INFOPLIST_KEY_UISupportedInterfaceOrientations_iPad = "UIInterfaceOrientationPortrait UIInterfaceOrientationPortraitUpsideDown UIInterfaceOrientationLandscapeLeft UIInterfaceOrientationLandscapeRight";
				INFOPLIST_KEY_UISupportedInterfaceOrientations_iPhone = "UIInterfaceOrientationPortrait UIInterfaceOrientationLandscapeLeft UIInterfaceOrientationLandscapeRight";
				LD_RUNPATH_SEARCH_PATHS = (
					"$(inherited)",
					"@executable_path/Frameworks",
				);
				MARKETING_VERSION = 1.0;
				PRODUCT_BUNDLE_IDENTIFIER = dhui.Ulmago;
				PRODUCT_NAME = "$(TARGET_NAME)";
				SWIFT_EMIT_LOC_STRINGS = YES;
				SWIFT_VERSION = 5.0;
				TARGETED_DEVICE_FAMILY = "1,2";
			};
			name = Release;
		};
		B7F0123A2B9F2E76004027CA /* Debug */ = {
			isa = XCBuildConfiguration;
			buildSettings = {
				ALWAYS_EMBED_SWIFT_STANDARD_LIBRARIES = YES;
				BUNDLE_LOADER = "$(TEST_HOST)";
				CODE_SIGN_STYLE = Automatic;
				CURRENT_PROJECT_VERSION = 1;
				DEVELOPMENT_TEAM = PVM8V4TM62;
				GENERATE_INFOPLIST_FILE = YES;
				IPHONEOS_DEPLOYMENT_TARGET = 17.4;
				MARKETING_VERSION = 1.0;
				PRODUCT_BUNDLE_IDENTIFIER = dhui.UlmagoTests;
				PRODUCT_NAME = "$(TARGET_NAME)";
				SWIFT_EMIT_LOC_STRINGS = NO;
				SWIFT_VERSION = 5.0;
				TARGETED_DEVICE_FAMILY = "1,2";
				TEST_HOST = "$(BUILT_PRODUCTS_DIR)/Ulmago.app/$(BUNDLE_EXECUTABLE_FOLDER_PATH)/Ulmago";
			};
			name = Debug;
		};
		B7F0123B2B9F2E76004027CA /* Release */ = {
			isa = XCBuildConfiguration;
			buildSettings = {
				ALWAYS_EMBED_SWIFT_STANDARD_LIBRARIES = YES;
				BUNDLE_LOADER = "$(TEST_HOST)";
				CODE_SIGN_STYLE = Automatic;
				CURRENT_PROJECT_VERSION = 1;
				DEVELOPMENT_TEAM = PVM8V4TM62;
				GENERATE_INFOPLIST_FILE = YES;
				IPHONEOS_DEPLOYMENT_TARGET = 17.4;
				MARKETING_VERSION = 1.0;
				PRODUCT_BUNDLE_IDENTIFIER = dhui.UlmagoTests;
				PRODUCT_NAME = "$(TARGET_NAME)";
				SWIFT_EMIT_LOC_STRINGS = NO;
				SWIFT_VERSION = 5.0;
				TARGETED_DEVICE_FAMILY = "1,2";
				TEST_HOST = "$(BUILT_PRODUCTS_DIR)/Ulmago.app/$(BUNDLE_EXECUTABLE_FOLDER_PATH)/Ulmago";
			};
			name = Release;
		};
		B7F0123D2B9F2E76004027CA /* Debug */ = {
			isa = XCBuildConfiguration;
			buildSettings = {
				ALWAYS_EMBED_SWIFT_STANDARD_LIBRARIES = YES;
				CODE_SIGN_STYLE = Automatic;
				CURRENT_PROJECT_VERSION = 1;
				DEVELOPMENT_TEAM = PVM8V4TM62;
				GENERATE_INFOPLIST_FILE = YES;
				MARKETING_VERSION = 1.0;
				PRODUCT_BUNDLE_IDENTIFIER = dhui.UlmagoUITests;
				PRODUCT_NAME = "$(TARGET_NAME)";
				SWIFT_EMIT_LOC_STRINGS = NO;
				SWIFT_VERSION = 5.0;
				TARGETED_DEVICE_FAMILY = "1,2";
				TEST_TARGET_NAME = Ulmago;
			};
			name = Debug;
		};
		B7F0123E2B9F2E76004027CA /* Release */ = {
			isa = XCBuildConfiguration;
			buildSettings = {
				ALWAYS_EMBED_SWIFT_STANDARD_LIBRARIES = YES;
				CODE_SIGN_STYLE = Automatic;
				CURRENT_PROJECT_VERSION = 1;
				DEVELOPMENT_TEAM = PVM8V4TM62;
				GENERATE_INFOPLIST_FILE = YES;
				MARKETING_VERSION = 1.0;
				PRODUCT_BUNDLE_IDENTIFIER = dhui.UlmagoUITests;
				PRODUCT_NAME = "$(TARGET_NAME)";
				SWIFT_EMIT_LOC_STRINGS = NO;
				SWIFT_VERSION = 5.0;
				TARGETED_DEVICE_FAMILY = "1,2";
				TEST_TARGET_NAME = Ulmago;
			};
			name = Release;
		};
/* End XCBuildConfiguration section */

/* Begin XCConfigurationList section */
		B7F012072B9F2E74004027CA /* Build configuration list for PBXProject "Ulmago" */ = {
			isa = XCConfigurationList;
			buildConfigurations = (
				B7F012342B9F2E76004027CA /* Debug */,
				B7F012352B9F2E76004027CA /* Release */,
			);
			defaultConfigurationIsVisible = 0;
			defaultConfigurationName = Release;
		};
		B7F012362B9F2E76004027CA /* Build configuration list for PBXNativeTarget "Ulmago" */ = {
			isa = XCConfigurationList;
			buildConfigurations = (
				B7F012372B9F2E76004027CA /* Debug */,
				B7F012382B9F2E76004027CA /* Release */,
			);
			defaultConfigurationIsVisible = 0;
			defaultConfigurationName = Release;
		};
		B7F012392B9F2E76004027CA /* Build configuration list for PBXNativeTarget "UlmagoTests" */ = {
			isa = XCConfigurationList;
			buildConfigurations = (
				B7F0123A2B9F2E76004027CA /* Debug */,
				B7F0123B2B9F2E76004027CA /* Release */,
			);
			defaultConfigurationIsVisible = 0;
			defaultConfigurationName = Release;
		};
		B7F0123C2B9F2E76004027CA /* Build configuration list for PBXNativeTarget "UlmagoUITests" */ = {
			isa = XCConfigurationList;
			buildConfigurations = (
				B7F0123D2B9F2E76004027CA /* Debug */,
				B7F0123E2B9F2E76004027CA /* Release */,
			);
			defaultConfigurationIsVisible = 0;
			defaultConfigurationName = Release;
		};
/* End XCConfigurationList section */

/* Begin XCRemoteSwiftPackageReference section */
		B76465772BB2A2AE0020F130 /* XCRemoteSwiftPackageReference "FSCalendar" */ = {
			isa = XCRemoteSwiftPackageReference;
			repositoryURL = "https://github.com/WenchaoD/FSCalendar.git";
			requirement = {
				kind = upToNextMajorVersion;
				minimumVersion = 2.8.4;
			};
		};
		B772A0BD2BA5BD9B001059B6 /* XCRemoteSwiftPackageReference "ALProgressView" */ = {
			isa = XCRemoteSwiftPackageReference;
			repositoryURL = "https://github.com/alxrguz/ALProgressView";
			requirement = {
				kind = upToNextMajorVersion;
				minimumVersion = 2.0.0;
			};
		};
		B7742B602BB0853200B2480B /* XCRemoteSwiftPackageReference "SwiftAlertView" */ = {
			isa = XCRemoteSwiftPackageReference;
			repositoryURL = "https://github.com/dinhquan/SwiftAlertView";
			requirement = {
				kind = upToNextMajorVersion;
				minimumVersion = 2.2.1;
			};
		};
		B7F0123F2B9F44F1004027CA /* XCRemoteSwiftPackageReference "RxSwift" */ = {
			isa = XCRemoteSwiftPackageReference;
			repositoryURL = "https://github.com/ReactiveX/RxSwift.git";
			requirement = {
				kind = upToNextMajorVersion;
				minimumVersion = 6.6.0;
			};
		};
/* End XCRemoteSwiftPackageReference section */

/* Begin XCSwiftPackageProductDependency section */
		B76465782BB2A2AE0020F130 /* FSCalendar */ = {
			isa = XCSwiftPackageProductDependency;
			package = B76465772BB2A2AE0020F130 /* XCRemoteSwiftPackageReference "FSCalendar" */;
			productName = FSCalendar;
		};
		B772A0BE2BA5BD9B001059B6 /* ALProgressView */ = {
			isa = XCSwiftPackageProductDependency;
			package = B772A0BD2BA5BD9B001059B6 /* XCRemoteSwiftPackageReference "ALProgressView" */;
			productName = ALProgressView;
		};
		B7742B612BB0853200B2480B /* SwiftAlertView */ = {
			isa = XCSwiftPackageProductDependency;
			package = B7742B602BB0853200B2480B /* XCRemoteSwiftPackageReference "SwiftAlertView" */;
			productName = SwiftAlertView;
		};
		B7F012402B9F44F1004027CA /* RxCocoa */ = {
			isa = XCSwiftPackageProductDependency;
			package = B7F0123F2B9F44F1004027CA /* XCRemoteSwiftPackageReference "RxSwift" */;
			productName = RxCocoa;
		};
		B7F012422B9F44F1004027CA /* RxRelay */ = {
			isa = XCSwiftPackageProductDependency;
			package = B7F0123F2B9F44F1004027CA /* XCRemoteSwiftPackageReference "RxSwift" */;
			productName = RxRelay;
		};
		B7F012442B9F44F1004027CA /* RxSwift */ = {
			isa = XCSwiftPackageProductDependency;
			package = B7F0123F2B9F44F1004027CA /* XCRemoteSwiftPackageReference "RxSwift" */;
			productName = RxSwift;
		};
/* End XCSwiftPackageProductDependency section */
	};
	rootObject = B7F012042B9F2E74004027CA /* Project object */;
}
